
Microsoft Visual Studio Solution File, Format Version 12.00
# Visual Studio Version 17
VisualStudioVersion = 17.12.35527.113
MinimumVisualStudioVersion = 10.0.40219.1
Project("{2150E333-8FDC-42A3-9474-1A3956D46DE8}") = "_Tests", "_Tests", "{38929641-2582-46C0-8FDB-CE49B84C82A8}"
EndProject
Project("{2150E333-8FDC-42A3-9474-1A3956D46DE8}") = "TestHelpers", "TestHelpers", "{C2C7E58A-4C46-42CF-B996-0CCD0D91E389}"
EndProject
Project("{9A19103F-16F7-4668-BE54-9A1E7A4F7556}") = "Params", "_Tests\TestHelpers\Params\Params.csproj", "{DA5D883D-49CB-417B-A113-80781BD0DEC3}"
EndProject
Project("{9A19103F-16F7-4668-BE54-9A1E7A4F7556}") = "DataTypes", "_Tests\TestHelpers\DataTypes\DataTypes.csproj", "{40E59E32-E8FF-480B-A124-8B5DF292AA67}"
EndProject
Project("{9A19103F-16F7-4668-BE54-9A1E7A4F7556}") = "HelperMethods", "_Tests\TestHelpers\HelperMethods\HelperMethods.csproj", "{75C881E7-489A-494C-804D-67672930B5F2}"
EndProject
Project("{2150E333-8FDC-42A3-9474-1A3956D46DE8}") = "BaseTypes", "BaseTypes", "{75E70B27-CE92-4951-8EED-0AAC810F7B6C}"
EndProject
Project("{2150E333-8FDC-42A3-9474-1A3956D46DE8}") = "BaseTypes", "BaseTypes", "{2713F936-5028-42B1-9D89-ECE3CEBC6D7B}"
EndProject
Project("{FAE04EC0-301F-11D3-BF4B-00C04F79EFBC}") = "Common", "_BaseTypes\Common\Common.csproj", "{DFF1921B-21EC-4410-B403-268A69BAAFD7}"
EndProject
Project("{FAE04EC0-301F-11D3-BF4B-00C04F79EFBC}") = "Measurables", "_BaseTypes\Measurables\Measurables.csproj", "{8CD92E29-D198-4A03-B025-7E37349D3349}"
EndProject
Project("{FAE04EC0-301F-11D3-BF4B-00C04F79EFBC}") = "TestDoubles", "_Tests\TestHelpers\TestDoubles\TestDoubles.csproj", "{D5373222-36EB-4666-8D17-4163AD108DB9}"
EndProject
Project("{FAE04EC0-301F-11D3-BF4B-00C04F79EFBC}") = "CommonTests", "_Tests\UnitTests_xUnit\BaseTypes\CommonTests\CommonTests.csproj", "{63AB2899-DBF7-4751-B8AD-A3D3E27D2AF2}"
EndProject
Project("{FAE04EC0-301F-11D3-BF4B-00C04F79EFBC}") = "MeasurablesTests", "_Tests\UnitTests_xUnit\BaseTypes\MeasurablesTests\MeasurablesTests.csproj", "{C7912B37-15F9-46E9-A151-F043A46D88E5}"
EndProject
Project("{FAE04EC0-301F-11D3-BF4B-00C04F79EFBC}") = "DynamicDataSources", "_Tests\TestHelpers\DynamicDataSources\DynamicDataSources.csproj", "{0E61D54F-3557-4036-97B8-57DB80FD7057}"
EndProject
Global
	GlobalSection(SolutionConfigurationPlatforms) = preSolution
		Debug|Any CPU = Debug|Any CPU
		Release|Any CPU = Release|Any CPU
	EndGlobalSection
	GlobalSection(ProjectConfigurationPlatforms) = postSolution
		{DA5D883D-49CB-417B-A113-80781BD0DEC3}.Debug|Any CPU.ActiveCfg = Debug|Any CPU
		{DA5D883D-49CB-417B-A113-80781BD0DEC3}.Debug|Any CPU.Build.0 = Debug|Any CPU
		{DA5D883D-49CB-417B-A113-80781BD0DEC3}.Release|Any CPU.ActiveCfg = Release|Any CPU
		{DA5D883D-49CB-417B-A113-80781BD0DEC3}.Release|Any CPU.Build.0 = Release|Any CPU
		{40E59E32-E8FF-480B-A124-8B5DF292AA67}.Debug|Any CPU.ActiveCfg = Debug|Any CPU
		{40E59E32-E8FF-480B-A124-8B5DF292AA67}.Debug|Any CPU.Build.0 = Debug|Any CPU
		{40E59E32-E8FF-480B-A124-8B5DF292AA67}.Release|Any CPU.ActiveCfg = Release|Any CPU
		{40E59E32-E8FF-480B-A124-8B5DF292AA67}.Release|Any CPU.Build.0 = Release|Any CPU
		{75C881E7-489A-494C-804D-67672930B5F2}.Debug|Any CPU.ActiveCfg = Debug|Any CPU
		{75C881E7-489A-494C-804D-67672930B5F2}.Debug|Any CPU.Build.0 = Debug|Any CPU
		{75C881E7-489A-494C-804D-67672930B5F2}.Release|Any CPU.ActiveCfg = Release|Any CPU
		{75C881E7-489A-494C-804D-67672930B5F2}.Release|Any CPU.Build.0 = Release|Any CPU
		{DFF1921B-21EC-4410-B403-268A69BAAFD7}.Debug|Any CPU.ActiveCfg = Debug|Any CPU
		{DFF1921B-21EC-4410-B403-268A69BAAFD7}.Debug|Any CPU.Build.0 = Debug|Any CPU
		{DFF1921B-21EC-4410-B403-268A69BAAFD7}.Release|Any CPU.ActiveCfg = Release|Any CPU
		{DFF1921B-21EC-4410-B403-268A69BAAFD7}.Release|Any CPU.Build.0 = Release|Any CPU
		{8CD92E29-D198-4A03-B025-7E37349D3349}.Debug|Any CPU.ActiveCfg = Debug|Any CPU
		{8CD92E29-D198-4A03-B025-7E37349D3349}.Debug|Any CPU.Build.0 = Debug|Any CPU
		{8CD92E29-D198-4A03-B025-7E37349D3349}.Release|Any CPU.ActiveCfg = Release|Any CPU
		{8CD92E29-D198-4A03-B025-7E37349D3349}.Release|Any CPU.Build.0 = Release|Any CPU
		{D5373222-36EB-4666-8D17-4163AD108DB9}.Debug|Any CPU.ActiveCfg = Debug|Any CPU
		{D5373222-36EB-4666-8D17-4163AD108DB9}.Debug|Any CPU.Build.0 = Debug|Any CPU
		{D5373222-36EB-4666-8D17-4163AD108DB9}.Release|Any CPU.ActiveCfg = Release|Any CPU
		{D5373222-36EB-4666-8D17-4163AD108DB9}.Release|Any CPU.Build.0 = Release|Any CPU
		{63AB2899-DBF7-4751-B8AD-A3D3E27D2AF2}.Debug|Any CPU.ActiveCfg = Debug|Any CPU
		{63AB2899-DBF7-4751-B8AD-A3D3E27D2AF2}.Debug|Any CPU.Build.0 = Debug|Any CPU
		{63AB2899-DBF7-4751-B8AD-A3D3E27D2AF2}.Release|Any CPU.ActiveCfg = Release|Any CPU
		{63AB2899-DBF7-4751-B8AD-A3D3E27D2AF2}.Release|Any CPU.Build.0 = Release|Any CPU
		{C7912B37-15F9-46E9-A151-F043A46D88E5}.Debug|Any CPU.ActiveCfg = Debug|Any CPU
		{C7912B37-15F9-46E9-A151-F043A46D88E5}.Debug|Any CPU.Build.0 = Debug|Any CPU
		{C7912B37-15F9-46E9-A151-F043A46D88E5}.Release|Any CPU.ActiveCfg = Release|Any CPU
		{C7912B37-15F9-46E9-A151-F043A46D88E5}.Release|Any CPU.Build.0 = Release|Any CPU
		{0E61D54F-3557-4036-97B8-57DB80FD7057}.Debug|Any CPU.ActiveCfg = Debug|Any CPU
		{0E61D54F-3557-4036-97B8-57DB80FD7057}.Debug|Any CPU.Build.0 = Debug|Any CPU
		{0E61D54F-3557-4036-97B8-57DB80FD7057}.Release|Any CPU.ActiveCfg = Release|Any CPU
		{0E61D54F-3557-4036-97B8-57DB80FD7057}.Release|Any CPU.Build.0 = Release|Any CPU
	EndGlobalSection
	GlobalSection(SolutionProperties) = preSolution
		HideSolutionNode = FALSE
	EndGlobalSection
	GlobalSection(NestedProjects) = preSolution
		{C2C7E58A-4C46-42CF-B996-0CCD0D91E389} = {38929641-2582-46C0-8FDB-CE49B84C82A8}
		{DA5D883D-49CB-417B-A113-80781BD0DEC3} = {C2C7E58A-4C46-42CF-B996-0CCD0D91E389}
		{40E59E32-E8FF-480B-A124-8B5DF292AA67} = {C2C7E58A-4C46-42CF-B996-0CCD0D91E389}
		{75C881E7-489A-494C-804D-67672930B5F2} = {C2C7E58A-4C46-42CF-B996-0CCD0D91E389}
		{2713F936-5028-42B1-9D89-ECE3CEBC6D7B} = {38929641-2582-46C0-8FDB-CE49B84C82A8}
		{DFF1921B-21EC-4410-B403-268A69BAAFD7} = {75E70B27-CE92-4951-8EED-0AAC810F7B6C}
		{8CD92E29-D198-4A03-B025-7E37349D3349} = {75E70B27-CE92-4951-8EED-0AAC810F7B6C}
		{D5373222-36EB-4666-8D17-4163AD108DB9} = {C2C7E58A-4C46-42CF-B996-0CCD0D91E389}
		{63AB2899-DBF7-4751-B8AD-A3D3E27D2AF2} = {2713F936-5028-42B1-9D89-ECE3CEBC6D7B}
		{C7912B37-15F9-46E9-A151-F043A46D88E5} = {2713F936-5028-42B1-9D89-ECE3CEBC6D7B}
		{0E61D54F-3557-4036-97B8-57DB80FD7057} = {C2C7E58A-4C46-42CF-B996-0CCD0D91E389}
	EndGlobalSection
EndGlobal
