
Microsoft Visual Studio Solution File, Format Version 12.00
# Visual Studio Version 17
VisualStudioVersion = 17.6.33829.357
MinimumVisualStudioVersion = 10.0.40219.1
Project("{2150E333-8FDC-42A3-9474-1A3956D46DE8}") = "BaseTypes", "BaseTypes", "{0AF2CC76-F30A-4EC3-B794-F71398848CB5}"
EndProject
Project("{9A19103F-16F7-4668-BE54-9A1E7A4F7556}") = "Common", "_BaseTypes\Common\Common.csproj", "{DFCB3751-74F8-4D63-9F81-91CFF600808F}"
EndProject
Project("{9A19103F-16F7-4668-BE54-9A1E7A4F7556}") = "Measurables", "_BaseTypes\Measurables\Measurables.csproj", "{57EE404F-5287-46A4-A5D7-51A0952E9E70}"
EndProject
Project("{9A19103F-16F7-4668-BE54-9A1E7A4F7556}") = "BaseMeasurements", "_BaseTypes\BaseMeasurements\BaseMeasurements.csproj", "{9A010CC2-9E7C-4D58-B688-DF021B107DE5}"
EndProject
Project("{9A19103F-16F7-4668-BE54-9A1E7A4F7556}") = "BaseQuantifiables", "_BaseTypes\BaseQuantifiables\BaseQuantifiables.csproj", "{D3F4A94C-8294-46FE-B751-47BA5539D4D1}"
EndProject
Project("{9A19103F-16F7-4668-BE54-9A1E7A4F7556}") = "Quantifiables", "_BaseTypes\Quantifiables\Quantifiables.csproj", "{9F8A045B-68D3-4681-9776-6A326E659ACF}"
EndProject
Project("{9A19103F-16F7-4668-BE54-9A1E7A4F7556}") = "BaseMeasures", "_BaseTypes\BaseMeasures\BaseMeasures.csproj", "{4EDF3A34-E153-47A9-B40C-CBDFC8F5A139}"
EndProject
Project("{9A19103F-16F7-4668-BE54-9A1E7A4F7556}") = "Spreads", "_BaseTypes\Spreads\Spreads.csproj", "{9A3FEE96-426B-4273-8F73-752EB05ED82C}"
EndProject
Project("{9A19103F-16F7-4668-BE54-9A1E7A4F7556}") = "Shapes", "_BaseTypes\Shapes\Shapes.csproj", "{A6D5A236-F64B-48A3-92D0-1EC9A19A0FF6}"
EndProject
Project("{9A19103F-16F7-4668-BE54-9A1E7A4F7556}") = "BaseRates", "_BaseTypes\BaseRates\BaseRates.csproj", "{6221C4B8-E19B-4938-A571-9CB60C3CCCA3}"
EndProject
Project("{2150E333-8FDC-42A3-9474-1A3956D46DE8}") = "AbstractTypes", "AbstractTypes", "{5F40102A-C774-45D0-8D85-1CDB6923B617}"
EndProject
Project("{9A19103F-16F7-4668-BE54-9A1E7A4F7556}") = "Measurements", "Measurements\Measurements.csproj", "{3BA709AD-7F0A-4581-AE2F-7A55EE9C7075}"
EndProject
Project("{9A19103F-16F7-4668-BE54-9A1E7A4F7556}") = "Measures", "Measures\Measures.csproj", "{709E0E62-3759-4299-A56F-A89B8A66569C}"
EndProject
Project("{9A19103F-16F7-4668-BE54-9A1E7A4F7556}") = "RateComponents", "RateComponents\RateComponents.csproj", "{1D382C47-2CD3-486B-A4D4-94A9BAAA1194}"
EndProject
Project("{9A19103F-16F7-4668-BE54-9A1E7A4F7556}") = "BulkSpreads", "BulkSpreads\BulkSpreads.csproj", "{90449B9B-F322-4063-89D5-A5E8E98A33A9}"
EndProject
Project("{9A19103F-16F7-4668-BE54-9A1E7A4F7556}") = "SimpleShapes", "_AbstractTypes\SimpleShapes\SimpleShapes.csproj", "{D523461C-D1BD-47C6-8B6F-7D29B46EC0F5}"
EndProject
Project("{9A19103F-16F7-4668-BE54-9A1E7A4F7556}") = "ShapeLimits", "ShapeLimits\ShapeLimits.csproj", "{BE21EBF4-A239-416F-9E36-847769EA3273}"
EndProject
Project("{9A19103F-16F7-4668-BE54-9A1E7A4F7556}") = "PlaneShapes", "PlaneShapes\PlaneShapes.csproj", "{9E045AA9-D2D4-4E5C-8AAB-2134BFB3EEAE}"
EndProject
Project("{9A19103F-16F7-4668-BE54-9A1E7A4F7556}") = "DryBodies", "DryBodies\DryBodies.csproj", "{C258EE46-D297-4688-A567-3ED2A3ED36D8}"
EndProject
Project("{9A19103F-16F7-4668-BE54-9A1E7A4F7556}") = "SimpleRates", "SimpleRates\SimpleRates.csproj", "{F6798440-4219-4C7E-A827-3586F17626A2}"
EndProject
Project("{9A19103F-16F7-4668-BE54-9A1E7A4F7556}") = "Rates", "Rates\Rates.csproj", "{726E09A7-C805-470D-BB42-1259C9D7E3AE}"
EndProject
Project("{9A19103F-16F7-4668-BE54-9A1E7A4F7556}") = "Masses", "Masses\Masses.csproj", "{734D60B1-08AC-47D4-B9EA-AE7BE1AEB64B}"
EndProject
Project("{9A19103F-16F7-4668-BE54-9A1E7A4F7556}") = "ComplexShapes", "_AbstractTypes\ComplexShapes\ComplexShapes.csproj", "{9189E951-BAAE-4BCB-A86B-4FEBDBD242E4}"
EndProject
Project("{9A19103F-16F7-4668-BE54-9A1E7A4F7556}") = "Sections", "Sections\Sections.csproj", "{66BDB9BD-932F-4489-9496-436242CE87C5}"
EndProject
Project("{9A19103F-16F7-4668-BE54-9A1E7A4F7556}") = "ComplexDryBodies", "ComplexDryBodies\ComplexDryBodies.csproj", "{D6CEB79C-2EA1-44DD-A0C1-5DB044BF3A6B}"
EndProject
Global
	GlobalSection(SolutionConfigurationPlatforms) = preSolution
		Debug|Any CPU = Debug|Any CPU
		Release|Any CPU = Release|Any CPU
	EndGlobalSection
	GlobalSection(ProjectConfigurationPlatforms) = postSolution
		{DFCB3751-74F8-4D63-9F81-91CFF600808F}.Debug|Any CPU.ActiveCfg = Debug|Any CPU
		{DFCB3751-74F8-4D63-9F81-91CFF600808F}.Debug|Any CPU.Build.0 = Debug|Any CPU
		{DFCB3751-74F8-4D63-9F81-91CFF600808F}.Release|Any CPU.ActiveCfg = Release|Any CPU
		{DFCB3751-74F8-4D63-9F81-91CFF600808F}.Release|Any CPU.Build.0 = Release|Any CPU
		{57EE404F-5287-46A4-A5D7-51A0952E9E70}.Debug|Any CPU.ActiveCfg = Debug|Any CPU
		{57EE404F-5287-46A4-A5D7-51A0952E9E70}.Debug|Any CPU.Build.0 = Debug|Any CPU
		{57EE404F-5287-46A4-A5D7-51A0952E9E70}.Release|Any CPU.ActiveCfg = Release|Any CPU
		{57EE404F-5287-46A4-A5D7-51A0952E9E70}.Release|Any CPU.Build.0 = Release|Any CPU
		{9A010CC2-9E7C-4D58-B688-DF021B107DE5}.Debug|Any CPU.ActiveCfg = Debug|Any CPU
		{9A010CC2-9E7C-4D58-B688-DF021B107DE5}.Debug|Any CPU.Build.0 = Debug|Any CPU
		{9A010CC2-9E7C-4D58-B688-DF021B107DE5}.Release|Any CPU.ActiveCfg = Release|Any CPU
		{9A010CC2-9E7C-4D58-B688-DF021B107DE5}.Release|Any CPU.Build.0 = Release|Any CPU
		{D3F4A94C-8294-46FE-B751-47BA5539D4D1}.Debug|Any CPU.ActiveCfg = Debug|Any CPU
		{D3F4A94C-8294-46FE-B751-47BA5539D4D1}.Debug|Any CPU.Build.0 = Debug|Any CPU
		{D3F4A94C-8294-46FE-B751-47BA5539D4D1}.Release|Any CPU.ActiveCfg = Release|Any CPU
		{D3F4A94C-8294-46FE-B751-47BA5539D4D1}.Release|Any CPU.Build.0 = Release|Any CPU
		{9F8A045B-68D3-4681-9776-6A326E659ACF}.Debug|Any CPU.ActiveCfg = Debug|Any CPU
		{9F8A045B-68D3-4681-9776-6A326E659ACF}.Debug|Any CPU.Build.0 = Debug|Any CPU
		{9F8A045B-68D3-4681-9776-6A326E659ACF}.Release|Any CPU.ActiveCfg = Release|Any CPU
		{9F8A045B-68D3-4681-9776-6A326E659ACF}.Release|Any CPU.Build.0 = Release|Any CPU
		{4EDF3A34-E153-47A9-B40C-CBDFC8F5A139}.Debug|Any CPU.ActiveCfg = Debug|Any CPU
		{4EDF3A34-E153-47A9-B40C-CBDFC8F5A139}.Debug|Any CPU.Build.0 = Debug|Any CPU
		{4EDF3A34-E153-47A9-B40C-CBDFC8F5A139}.Release|Any CPU.ActiveCfg = Release|Any CPU
		{4EDF3A34-E153-47A9-B40C-CBDFC8F5A139}.Release|Any CPU.Build.0 = Release|Any CPU
		{9A3FEE96-426B-4273-8F73-752EB05ED82C}.Debug|Any CPU.ActiveCfg = Debug|Any CPU
		{9A3FEE96-426B-4273-8F73-752EB05ED82C}.Debug|Any CPU.Build.0 = Debug|Any CPU
		{9A3FEE96-426B-4273-8F73-752EB05ED82C}.Release|Any CPU.ActiveCfg = Release|Any CPU
		{9A3FEE96-426B-4273-8F73-752EB05ED82C}.Release|Any CPU.Build.0 = Release|Any CPU
		{A6D5A236-F64B-48A3-92D0-1EC9A19A0FF6}.Debug|Any CPU.ActiveCfg = Debug|Any CPU
		{A6D5A236-F64B-48A3-92D0-1EC9A19A0FF6}.Debug|Any CPU.Build.0 = Debug|Any CPU
		{A6D5A236-F64B-48A3-92D0-1EC9A19A0FF6}.Release|Any CPU.ActiveCfg = Release|Any CPU
		{A6D5A236-F64B-48A3-92D0-1EC9A19A0FF6}.Release|Any CPU.Build.0 = Release|Any CPU
		{6221C4B8-E19B-4938-A571-9CB60C3CCCA3}.Debug|Any CPU.ActiveCfg = Debug|Any CPU
		{6221C4B8-E19B-4938-A571-9CB60C3CCCA3}.Debug|Any CPU.Build.0 = Debug|Any CPU
		{6221C4B8-E19B-4938-A571-9CB60C3CCCA3}.Release|Any CPU.ActiveCfg = Release|Any CPU
		{6221C4B8-E19B-4938-A571-9CB60C3CCCA3}.Release|Any CPU.Build.0 = Release|Any CPU
		{3BA709AD-7F0A-4581-AE2F-7A55EE9C7075}.Debug|Any CPU.ActiveCfg = Debug|Any CPU
		{3BA709AD-7F0A-4581-AE2F-7A55EE9C7075}.Debug|Any CPU.Build.0 = Debug|Any CPU
		{3BA709AD-7F0A-4581-AE2F-7A55EE9C7075}.Release|Any CPU.ActiveCfg = Release|Any CPU
		{3BA709AD-7F0A-4581-AE2F-7A55EE9C7075}.Release|Any CPU.Build.0 = Release|Any CPU
		{709E0E62-3759-4299-A56F-A89B8A66569C}.Debug|Any CPU.ActiveCfg = Debug|Any CPU
		{709E0E62-3759-4299-A56F-A89B8A66569C}.Debug|Any CPU.Build.0 = Debug|Any CPU
		{709E0E62-3759-4299-A56F-A89B8A66569C}.Release|Any CPU.ActiveCfg = Release|Any CPU
		{709E0E62-3759-4299-A56F-A89B8A66569C}.Release|Any CPU.Build.0 = Release|Any CPU
		{1D382C47-2CD3-486B-A4D4-94A9BAAA1194}.Debug|Any CPU.ActiveCfg = Debug|Any CPU
		{1D382C47-2CD3-486B-A4D4-94A9BAAA1194}.Debug|Any CPU.Build.0 = Debug|Any CPU
		{1D382C47-2CD3-486B-A4D4-94A9BAAA1194}.Release|Any CPU.ActiveCfg = Release|Any CPU
		{1D382C47-2CD3-486B-A4D4-94A9BAAA1194}.Release|Any CPU.Build.0 = Release|Any CPU
		{90449B9B-F322-4063-89D5-A5E8E98A33A9}.Debug|Any CPU.ActiveCfg = Debug|Any CPU
		{90449B9B-F322-4063-89D5-A5E8E98A33A9}.Debug|Any CPU.Build.0 = Debug|Any CPU
		{90449B9B-F322-4063-89D5-A5E8E98A33A9}.Release|Any CPU.ActiveCfg = Release|Any CPU
		{90449B9B-F322-4063-89D5-A5E8E98A33A9}.Release|Any CPU.Build.0 = Release|Any CPU
		{D523461C-D1BD-47C6-8B6F-7D29B46EC0F5}.Debug|Any CPU.ActiveCfg = Debug|Any CPU
		{D523461C-D1BD-47C6-8B6F-7D29B46EC0F5}.Debug|Any CPU.Build.0 = Debug|Any CPU
		{D523461C-D1BD-47C6-8B6F-7D29B46EC0F5}.Release|Any CPU.ActiveCfg = Release|Any CPU
		{D523461C-D1BD-47C6-8B6F-7D29B46EC0F5}.Release|Any CPU.Build.0 = Release|Any CPU
		{BE21EBF4-A239-416F-9E36-847769EA3273}.Debug|Any CPU.ActiveCfg = Debug|Any CPU
		{BE21EBF4-A239-416F-9E36-847769EA3273}.Debug|Any CPU.Build.0 = Debug|Any CPU
		{BE21EBF4-A239-416F-9E36-847769EA3273}.Release|Any CPU.ActiveCfg = Release|Any CPU
		{BE21EBF4-A239-416F-9E36-847769EA3273}.Release|Any CPU.Build.0 = Release|Any CPU
		{9E045AA9-D2D4-4E5C-8AAB-2134BFB3EEAE}.Debug|Any CPU.ActiveCfg = Debug|Any CPU
		{9E045AA9-D2D4-4E5C-8AAB-2134BFB3EEAE}.Debug|Any CPU.Build.0 = Debug|Any CPU
		{9E045AA9-D2D4-4E5C-8AAB-2134BFB3EEAE}.Release|Any CPU.ActiveCfg = Release|Any CPU
		{9E045AA9-D2D4-4E5C-8AAB-2134BFB3EEAE}.Release|Any CPU.Build.0 = Release|Any CPU
		{C258EE46-D297-4688-A567-3ED2A3ED36D8}.Debug|Any CPU.ActiveCfg = Debug|Any CPU
		{C258EE46-D297-4688-A567-3ED2A3ED36D8}.Debug|Any CPU.Build.0 = Debug|Any CPU
		{C258EE46-D297-4688-A567-3ED2A3ED36D8}.Release|Any CPU.ActiveCfg = Release|Any CPU
		{C258EE46-D297-4688-A567-3ED2A3ED36D8}.Release|Any CPU.Build.0 = Release|Any CPU
		{F6798440-4219-4C7E-A827-3586F17626A2}.Debug|Any CPU.ActiveCfg = Debug|Any CPU
		{F6798440-4219-4C7E-A827-3586F17626A2}.Debug|Any CPU.Build.0 = Debug|Any CPU
		{F6798440-4219-4C7E-A827-3586F17626A2}.Release|Any CPU.ActiveCfg = Release|Any CPU
		{F6798440-4219-4C7E-A827-3586F17626A2}.Release|Any CPU.Build.0 = Release|Any CPU
		{726E09A7-C805-470D-BB42-1259C9D7E3AE}.Debug|Any CPU.ActiveCfg = Debug|Any CPU
		{726E09A7-C805-470D-BB42-1259C9D7E3AE}.Debug|Any CPU.Build.0 = Debug|Any CPU
		{726E09A7-C805-470D-BB42-1259C9D7E3AE}.Release|Any CPU.ActiveCfg = Release|Any CPU
		{726E09A7-C805-470D-BB42-1259C9D7E3AE}.Release|Any CPU.Build.0 = Release|Any CPU
		{734D60B1-08AC-47D4-B9EA-AE7BE1AEB64B}.Debug|Any CPU.ActiveCfg = Debug|Any CPU
		{734D60B1-08AC-47D4-B9EA-AE7BE1AEB64B}.Debug|Any CPU.Build.0 = Debug|Any CPU
		{734D60B1-08AC-47D4-B9EA-AE7BE1AEB64B}.Release|Any CPU.ActiveCfg = Release|Any CPU
		{734D60B1-08AC-47D4-B9EA-AE7BE1AEB64B}.Release|Any CPU.Build.0 = Release|Any CPU
		{9189E951-BAAE-4BCB-A86B-4FEBDBD242E4}.Debug|Any CPU.ActiveCfg = Debug|Any CPU
		{9189E951-BAAE-4BCB-A86B-4FEBDBD242E4}.Debug|Any CPU.Build.0 = Debug|Any CPU
		{9189E951-BAAE-4BCB-A86B-4FEBDBD242E4}.Release|Any CPU.ActiveCfg = Release|Any CPU
		{9189E951-BAAE-4BCB-A86B-4FEBDBD242E4}.Release|Any CPU.Build.0 = Release|Any CPU
		{66BDB9BD-932F-4489-9496-436242CE87C5}.Debug|Any CPU.ActiveCfg = Debug|Any CPU
		{66BDB9BD-932F-4489-9496-436242CE87C5}.Debug|Any CPU.Build.0 = Debug|Any CPU
		{66BDB9BD-932F-4489-9496-436242CE87C5}.Release|Any CPU.ActiveCfg = Release|Any CPU
		{66BDB9BD-932F-4489-9496-436242CE87C5}.Release|Any CPU.Build.0 = Release|Any CPU
		{D6CEB79C-2EA1-44DD-A0C1-5DB044BF3A6B}.Debug|Any CPU.ActiveCfg = Debug|Any CPU
		{D6CEB79C-2EA1-44DD-A0C1-5DB044BF3A6B}.Debug|Any CPU.Build.0 = Debug|Any CPU
		{D6CEB79C-2EA1-44DD-A0C1-5DB044BF3A6B}.Release|Any CPU.ActiveCfg = Release|Any CPU
		{D6CEB79C-2EA1-44DD-A0C1-5DB044BF3A6B}.Release|Any CPU.Build.0 = Release|Any CPU
	EndGlobalSection
	GlobalSection(SolutionProperties) = preSolution
		HideSolutionNode = FALSE
	EndGlobalSection
	GlobalSection(NestedProjects) = preSolution
		{DFCB3751-74F8-4D63-9F81-91CFF600808F} = {0AF2CC76-F30A-4EC3-B794-F71398848CB5}
		{57EE404F-5287-46A4-A5D7-51A0952E9E70} = {0AF2CC76-F30A-4EC3-B794-F71398848CB5}
		{9A010CC2-9E7C-4D58-B688-DF021B107DE5} = {0AF2CC76-F30A-4EC3-B794-F71398848CB5}
		{D3F4A94C-8294-46FE-B751-47BA5539D4D1} = {0AF2CC76-F30A-4EC3-B794-F71398848CB5}
		{9F8A045B-68D3-4681-9776-6A326E659ACF} = {0AF2CC76-F30A-4EC3-B794-F71398848CB5}
		{4EDF3A34-E153-47A9-B40C-CBDFC8F5A139} = {0AF2CC76-F30A-4EC3-B794-F71398848CB5}
		{9A3FEE96-426B-4273-8F73-752EB05ED82C} = {0AF2CC76-F30A-4EC3-B794-F71398848CB5}
		{A6D5A236-F64B-48A3-92D0-1EC9A19A0FF6} = {0AF2CC76-F30A-4EC3-B794-F71398848CB5}
		{6221C4B8-E19B-4938-A571-9CB60C3CCCA3} = {0AF2CC76-F30A-4EC3-B794-F71398848CB5}
		{D523461C-D1BD-47C6-8B6F-7D29B46EC0F5} = {5F40102A-C774-45D0-8D85-1CDB6923B617}
		{9189E951-BAAE-4BCB-A86B-4FEBDBD242E4} = {5F40102A-C774-45D0-8D85-1CDB6923B617}
	EndGlobalSection
	GlobalSection(ExtensibilityGlobals) = postSolution
		SolutionGuid = {E59D61FF-8716-46EC-B6E6-C30BCA17F953}
	EndGlobalSection
EndGlobal
