Microsoft Visual Studio Solution File, Format Version 12.00
# Visual Studio Version 17
VisualStudioVersion = 17.6.33829.357
MinimumVisualStudioVersion = 10.0.40219.1
Project("{2150E333-8FDC-42A3-9474-1A3956D46DE8}") = "_Tests", "_Tests", "{38929641-2582-46C0-8FDB-CE49B84C82A8}"
EndProject
Project("{9A19103F-16F7-4668-BE54-9A1E7A4F7556}") = "CommonTests", "_Tests\UnitTests\_BaseTypes\CommonTests\CommonTests.csproj", "{B83C0197-A39F-4586-B805-0910DD3ADD6B}"
EndProject
Project("{9A19103F-16F7-4668-BE54-9A1E7A4F7556}") = "MeasurablesTests", "_Tests\UnitTests\_BaseTypes\MeasurablesTests\MeasurablesTests.csproj", "{8F4E9D39-3077-4CBE-81D5-4D00BCB23E00}"
EndProject
Project("{9A19103F-16F7-4668-BE54-9A1E7A4F7556}") = "Common", "_BaseTypes\Common\Common.csproj", "{2F880879-B052-4229-99D4-294A6D565E07}"
EndProject
Project("{2150E333-8FDC-42A3-9474-1A3956D46DE8}") = "BaseTypes", "BaseTypes", "{75E70B27-CE92-4951-8EED-0AAC810F7B6C}"
EndProject
Project("{9A19103F-16F7-4668-BE54-9A1E7A4F7556}") = "Measurables", "_BaseTypes\Measurables\Measurables.csproj", "{3E1A166C-E1AF-48E8-BB8E-6F152872D142}"
EndProject
Project("{2150E333-8FDC-42A3-9474-1A3956D46DE8}") = "BaseTypes", "BaseTypes", "{2713F936-5028-42B1-9D89-ECE3CEBC6D7B}"
EndProject
Project("{2150E333-8FDC-42A3-9474-1A3956D46DE8}") = "UnitTests", "UnitTests", "{1421C086-834E-4730-9368-83D0F838A8CA}"
EndProject
Project("{9A19103F-16F7-4668-BE54-9A1E7A4F7556}") = "BaseMeasurements", "_BaseTypes\BaseMeasurements\BaseMeasurements.csproj", "{53157D5F-233D-4DD7-BB13-4F993E64A704}"
EndProject
Project("{9A19103F-16F7-4668-BE54-9A1E7A4F7556}") = "BaseMeasurementsTests", "_Tests\UnitTests\_BaseTypes\BaseMeasurementsTests\BaseMeasurementsTests.csproj", "{7FFBF725-CF24-4FC4-B86A-D26057434A21}"
EndProject
Project("{9A19103F-16F7-4668-BE54-9A1E7A4F7556}") = "Measurements", "Measurements\Measurements.csproj", "{B52A11D6-BFC5-4067-92E0-E98F67B009EB}"
EndProject
Project("{9A19103F-16F7-4668-BE54-9A1E7A4F7556}") = "BaseQuantifiables", "_BaseTypes\BaseQuantifiables\BaseQuantifiables.csproj", "{9451C2B1-5DE4-4C8D-8D33-18752CFF3B47}"
EndProject
Project("{2150E333-8FDC-42A3-9474-1A3956D46DE8}") = "TestHelpers", "TestHelpers", "{C2C7E58A-4C46-42CF-B996-0CCD0D91E389}"
EndProject
Project("{9A19103F-16F7-4668-BE54-9A1E7A4F7556}") = "Params", "_Tests\TestHelpers\Params\Params.csproj", "{DA5D883D-49CB-417B-A113-80781BD0DEC3}"
EndProject
Project("{9A19103F-16F7-4668-BE54-9A1E7A4F7556}") = "DataTypes", "_Tests\TestHelpers\DataTypes\DataTypes.csproj", "{40E59E32-E8FF-480B-A124-8B5DF292AA67}"
EndProject
Project("{9A19103F-16F7-4668-BE54-9A1E7A4F7556}") = "BaseQuantifiablesTests", "_Tests\UnitTests\_BaseTypes\BaseQuantifiablesTests\BaseQuantifiablesTests.csproj", "{ADE3C2CA-0B43-448E-9DC3-7645D752C60A}"
EndProject
Project("{9A19103F-16F7-4668-BE54-9A1E7A4F7556}") = "MeasurementTests", "_Tests\UnitTests\MeasurementTests\MeasurementTests.csproj", "{74C87EF0-6B49-4219-BD32-BA8FE51B043A}"
EndProject
Project("{9A19103F-16F7-4668-BE54-9A1E7A4F7556}") = "QuantifiablesTests", "_Tests\UnitTests\_BaseTypes\QuantifiablesTests\QuantifiablesTests.csproj", "{35D253C0-59AE-447E-9243-7F1BA6554871}"
EndProject
Project("{9A19103F-16F7-4668-BE54-9A1E7A4F7556}") = "Quantifiables", "_BaseTypes\Quantifiables\Quantifiables.csproj", "{76E6DC8D-48B1-4EC4-AAAE-A89869858A4A}"
EndProject
Project("{9A19103F-16F7-4668-BE54-9A1E7A4F7556}") = "BaseMeasuresTests", "_Tests\UnitTests\_BaseTypes\BaseMeasuresTests\BaseMeasuresTests.csproj", "{8700BE1C-A1E2-4B32-AAAF-6C67BF498D90}"
EndProject
Project("{9A19103F-16F7-4668-BE54-9A1E7A4F7556}") = "BaseMeasures", "_BaseTypes\BaseMeasures\BaseMeasures.csproj", "{A9E5C44E-2F90-4FF8-8A73-A5EDE1745119}"
EndProject
Project("{9A19103F-16F7-4668-BE54-9A1E7A4F7556}") = "HelperMethods", "_Tests\TestHelpers\HelperMethods\HelperMethods.csproj", "{75C881E7-489A-494C-804D-67672930B5F2}"
EndProject
Project("{9A19103F-16F7-4668-BE54-9A1E7A4F7556}") = "Spreads", "_BaseTypes\Spreads\Spreads.csproj", "{594924BD-CB54-43E6-9411-5DA90FBBBCDA}"
EndProject
Project("{9A19103F-16F7-4668-BE54-9A1E7A4F7556}") = "SpreadsTests", "_Tests\UnitTests\_BaseTypes\SpreadsTests\SpreadsTests.csproj", "{15F28890-1CF1-4464-8502-EA118DA2B982}"
EndProject
Project("{9A19103F-16F7-4668-BE54-9A1E7A4F7556}") = "Shapes", "_BaseTypes\Shapes\Shapes.csproj", "{5E326962-CAD8-4475-AF9F-302BB1D9BCBE}"
EndProject
Project("{9A19103F-16F7-4668-BE54-9A1E7A4F7556}") = "ShapesTests", "_Tests\UnitTests\_BaseTypes\ShapesTests\ShapesTests.csproj", "{C686B72B-6D92-4D4F-81AC-1AD520821CB8}"
EndProject
Project("{9A19103F-16F7-4668-BE54-9A1E7A4F7556}") = "Fakes", "_Tests\TestHelpers\Fakes\Fakes.csproj", "{449BA328-447E-4B67-923E-6C79406A63D4}"
EndProject
Project("{F088123C-0E9E-452A-89E6-6BA2F21D5CAC}") = "DependencyValidation", "_DependencyValidations\DependencyValidation\DependencyValidation.modelproj", "{28850AE7-7C59-4167-AAB3-955163041567}"
EndProject
Project("{2150E333-8FDC-42A3-9474-1A3956D46DE8}") = "_DependencyValidations", "_DependencyValidations", "{D7F13848-CD9F-4378-A296-36CCC10811E7}"
EndProject
Project("{FAE04EC0-301F-11D3-BF4B-00C04F79EFBC}") = "BaseRatesTests", "_Tests\UnitTests\_BaseTypes\BaseRatesTests\BaseRatesTests.csproj", "{AF838907-6B7C-4E66-A50B-B024B99483AE}"
EndProject
Global
	GlobalSection(SolutionConfigurationPlatforms) = preSolution
		Debug|Any CPU = Debug|Any CPU
		Release|Any CPU = Release|Any CPU
	EndGlobalSection
	GlobalSection(ProjectConfigurationPlatforms) = postSolution
		{B83C0197-A39F-4586-B805-0910DD3ADD6B}.Debug|Any CPU.ActiveCfg = Debug|Any CPU
		{B83C0197-A39F-4586-B805-0910DD3ADD6B}.Debug|Any CPU.Build.0 = Debug|Any CPU
		{B83C0197-A39F-4586-B805-0910DD3ADD6B}.Release|Any CPU.ActiveCfg = Release|Any CPU
		{B83C0197-A39F-4586-B805-0910DD3ADD6B}.Release|Any CPU.Build.0 = Release|Any CPU
		{8F4E9D39-3077-4CBE-81D5-4D00BCB23E00}.Debug|Any CPU.ActiveCfg = Debug|Any CPU
		{8F4E9D39-3077-4CBE-81D5-4D00BCB23E00}.Debug|Any CPU.Build.0 = Debug|Any CPU
		{8F4E9D39-3077-4CBE-81D5-4D00BCB23E00}.Release|Any CPU.ActiveCfg = Release|Any CPU
		{8F4E9D39-3077-4CBE-81D5-4D00BCB23E00}.Release|Any CPU.Build.0 = Release|Any CPU
		{2F880879-B052-4229-99D4-294A6D565E07}.Debug|Any CPU.ActiveCfg = Debug|Any CPU
		{2F880879-B052-4229-99D4-294A6D565E07}.Debug|Any CPU.Build.0 = Debug|Any CPU
		{2F880879-B052-4229-99D4-294A6D565E07}.Release|Any CPU.ActiveCfg = Release|Any CPU
		{2F880879-B052-4229-99D4-294A6D565E07}.Release|Any CPU.Build.0 = Release|Any CPU
		{3E1A166C-E1AF-48E8-BB8E-6F152872D142}.Debug|Any CPU.ActiveCfg = Debug|Any CPU
		{3E1A166C-E1AF-48E8-BB8E-6F152872D142}.Debug|Any CPU.Build.0 = Debug|Any CPU
		{3E1A166C-E1AF-48E8-BB8E-6F152872D142}.Release|Any CPU.ActiveCfg = Release|Any CPU
		{3E1A166C-E1AF-48E8-BB8E-6F152872D142}.Release|Any CPU.Build.0 = Release|Any CPU
		{53157D5F-233D-4DD7-BB13-4F993E64A704}.Debug|Any CPU.ActiveCfg = Debug|Any CPU
		{53157D5F-233D-4DD7-BB13-4F993E64A704}.Debug|Any CPU.Build.0 = Debug|Any CPU
		{53157D5F-233D-4DD7-BB13-4F993E64A704}.Release|Any CPU.ActiveCfg = Release|Any CPU
		{53157D5F-233D-4DD7-BB13-4F993E64A704}.Release|Any CPU.Build.0 = Release|Any CPU
		{7FFBF725-CF24-4FC4-B86A-D26057434A21}.Debug|Any CPU.ActiveCfg = Debug|Any CPU
		{7FFBF725-CF24-4FC4-B86A-D26057434A21}.Debug|Any CPU.Build.0 = Debug|Any CPU
		{7FFBF725-CF24-4FC4-B86A-D26057434A21}.Release|Any CPU.ActiveCfg = Release|Any CPU
		{7FFBF725-CF24-4FC4-B86A-D26057434A21}.Release|Any CPU.Build.0 = Release|Any CPU
		{B52A11D6-BFC5-4067-92E0-E98F67B009EB}.Debug|Any CPU.ActiveCfg = Debug|Any CPU
		{B52A11D6-BFC5-4067-92E0-E98F67B009EB}.Debug|Any CPU.Build.0 = Debug|Any CPU
		{B52A11D6-BFC5-4067-92E0-E98F67B009EB}.Release|Any CPU.ActiveCfg = Release|Any CPU
		{B52A11D6-BFC5-4067-92E0-E98F67B009EB}.Release|Any CPU.Build.0 = Release|Any CPU
		{9451C2B1-5DE4-4C8D-8D33-18752CFF3B47}.Debug|Any CPU.ActiveCfg = Debug|Any CPU
		{9451C2B1-5DE4-4C8D-8D33-18752CFF3B47}.Debug|Any CPU.Build.0 = Debug|Any CPU
		{9451C2B1-5DE4-4C8D-8D33-18752CFF3B47}.Release|Any CPU.ActiveCfg = Release|Any CPU
		{9451C2B1-5DE4-4C8D-8D33-18752CFF3B47}.Release|Any CPU.Build.0 = Release|Any CPU
		{DA5D883D-49CB-417B-A113-80781BD0DEC3}.Debug|Any CPU.ActiveCfg = Debug|Any CPU
		{DA5D883D-49CB-417B-A113-80781BD0DEC3}.Debug|Any CPU.Build.0 = Debug|Any CPU
		{DA5D883D-49CB-417B-A113-80781BD0DEC3}.Release|Any CPU.ActiveCfg = Release|Any CPU
		{DA5D883D-49CB-417B-A113-80781BD0DEC3}.Release|Any CPU.Build.0 = Release|Any CPU
		{40E59E32-E8FF-480B-A124-8B5DF292AA67}.Debug|Any CPU.ActiveCfg = Debug|Any CPU
		{40E59E32-E8FF-480B-A124-8B5DF292AA67}.Debug|Any CPU.Build.0 = Debug|Any CPU
		{40E59E32-E8FF-480B-A124-8B5DF292AA67}.Release|Any CPU.ActiveCfg = Release|Any CPU
		{40E59E32-E8FF-480B-A124-8B5DF292AA67}.Release|Any CPU.Build.0 = Release|Any CPU
		{ADE3C2CA-0B43-448E-9DC3-7645D752C60A}.Debug|Any CPU.ActiveCfg = Debug|Any CPU
		{ADE3C2CA-0B43-448E-9DC3-7645D752C60A}.Debug|Any CPU.Build.0 = Debug|Any CPU
		{ADE3C2CA-0B43-448E-9DC3-7645D752C60A}.Release|Any CPU.ActiveCfg = Release|Any CPU
		{ADE3C2CA-0B43-448E-9DC3-7645D752C60A}.Release|Any CPU.Build.0 = Release|Any CPU
		{74C87EF0-6B49-4219-BD32-BA8FE51B043A}.Debug|Any CPU.ActiveCfg = Debug|Any CPU
		{74C87EF0-6B49-4219-BD32-BA8FE51B043A}.Debug|Any CPU.Build.0 = Debug|Any CPU
		{74C87EF0-6B49-4219-BD32-BA8FE51B043A}.Release|Any CPU.ActiveCfg = Release|Any CPU
		{74C87EF0-6B49-4219-BD32-BA8FE51B043A}.Release|Any CPU.Build.0 = Release|Any CPU
		{35D253C0-59AE-447E-9243-7F1BA6554871}.Debug|Any CPU.ActiveCfg = Debug|Any CPU
		{35D253C0-59AE-447E-9243-7F1BA6554871}.Debug|Any CPU.Build.0 = Debug|Any CPU
		{35D253C0-59AE-447E-9243-7F1BA6554871}.Release|Any CPU.ActiveCfg = Release|Any CPU
		{35D253C0-59AE-447E-9243-7F1BA6554871}.Release|Any CPU.Build.0 = Release|Any CPU
		{76E6DC8D-48B1-4EC4-AAAE-A89869858A4A}.Debug|Any CPU.ActiveCfg = Debug|Any CPU
		{76E6DC8D-48B1-4EC4-AAAE-A89869858A4A}.Debug|Any CPU.Build.0 = Debug|Any CPU
		{76E6DC8D-48B1-4EC4-AAAE-A89869858A4A}.Release|Any CPU.ActiveCfg = Release|Any CPU
		{76E6DC8D-48B1-4EC4-AAAE-A89869858A4A}.Release|Any CPU.Build.0 = Release|Any CPU
		{8700BE1C-A1E2-4B32-AAAF-6C67BF498D90}.Debug|Any CPU.ActiveCfg = Debug|Any CPU
		{8700BE1C-A1E2-4B32-AAAF-6C67BF498D90}.Debug|Any CPU.Build.0 = Debug|Any CPU
		{8700BE1C-A1E2-4B32-AAAF-6C67BF498D90}.Release|Any CPU.ActiveCfg = Release|Any CPU
		{8700BE1C-A1E2-4B32-AAAF-6C67BF498D90}.Release|Any CPU.Build.0 = Release|Any CPU
		{A9E5C44E-2F90-4FF8-8A73-A5EDE1745119}.Debug|Any CPU.ActiveCfg = Debug|Any CPU
		{A9E5C44E-2F90-4FF8-8A73-A5EDE1745119}.Debug|Any CPU.Build.0 = Debug|Any CPU
		{A9E5C44E-2F90-4FF8-8A73-A5EDE1745119}.Release|Any CPU.ActiveCfg = Release|Any CPU
		{A9E5C44E-2F90-4FF8-8A73-A5EDE1745119}.Release|Any CPU.Build.0 = Release|Any CPU
		{75C881E7-489A-494C-804D-67672930B5F2}.Debug|Any CPU.ActiveCfg = Debug|Any CPU
		{75C881E7-489A-494C-804D-67672930B5F2}.Debug|Any CPU.Build.0 = Debug|Any CPU
		{75C881E7-489A-494C-804D-67672930B5F2}.Release|Any CPU.ActiveCfg = Release|Any CPU
		{75C881E7-489A-494C-804D-67672930B5F2}.Release|Any CPU.Build.0 = Release|Any CPU
		{594924BD-CB54-43E6-9411-5DA90FBBBCDA}.Debug|Any CPU.ActiveCfg = Debug|Any CPU
		{594924BD-CB54-43E6-9411-5DA90FBBBCDA}.Debug|Any CPU.Build.0 = Debug|Any CPU
		{594924BD-CB54-43E6-9411-5DA90FBBBCDA}.Release|Any CPU.ActiveCfg = Release|Any CPU
		{594924BD-CB54-43E6-9411-5DA90FBBBCDA}.Release|Any CPU.Build.0 = Release|Any CPU
		{15F28890-1CF1-4464-8502-EA118DA2B982}.Debug|Any CPU.ActiveCfg = Debug|Any CPU
		{15F28890-1CF1-4464-8502-EA118DA2B982}.Debug|Any CPU.Build.0 = Debug|Any CPU
		{15F28890-1CF1-4464-8502-EA118DA2B982}.Release|Any CPU.ActiveCfg = Release|Any CPU
		{15F28890-1CF1-4464-8502-EA118DA2B982}.Release|Any CPU.Build.0 = Release|Any CPU
		{5E326962-CAD8-4475-AF9F-302BB1D9BCBE}.Debug|Any CPU.ActiveCfg = Debug|Any CPU
		{5E326962-CAD8-4475-AF9F-302BB1D9BCBE}.Debug|Any CPU.Build.0 = Debug|Any CPU
		{5E326962-CAD8-4475-AF9F-302BB1D9BCBE}.Release|Any CPU.ActiveCfg = Release|Any CPU
		{5E326962-CAD8-4475-AF9F-302BB1D9BCBE}.Release|Any CPU.Build.0 = Release|Any CPU
		{C686B72B-6D92-4D4F-81AC-1AD520821CB8}.Debug|Any CPU.ActiveCfg = Debug|Any CPU
		{C686B72B-6D92-4D4F-81AC-1AD520821CB8}.Debug|Any CPU.Build.0 = Debug|Any CPU
		{C686B72B-6D92-4D4F-81AC-1AD520821CB8}.Release|Any CPU.ActiveCfg = Release|Any CPU
		{C686B72B-6D92-4D4F-81AC-1AD520821CB8}.Release|Any CPU.Build.0 = Release|Any CPU
		{449BA328-447E-4B67-923E-6C79406A63D4}.Debug|Any CPU.ActiveCfg = Debug|Any CPU
		{449BA328-447E-4B67-923E-6C79406A63D4}.Debug|Any CPU.Build.0 = Debug|Any CPU
		{449BA328-447E-4B67-923E-6C79406A63D4}.Release|Any CPU.ActiveCfg = Release|Any CPU
		{449BA328-447E-4B67-923E-6C79406A63D4}.Release|Any CPU.Build.0 = Release|Any CPU
		{28850AE7-7C59-4167-AAB3-955163041567}.Debug|Any CPU.ActiveCfg = Debug|Any CPU
		{28850AE7-7C59-4167-AAB3-955163041567}.Debug|Any CPU.Build.0 = Debug|Any CPU
		{28850AE7-7C59-4167-AAB3-955163041567}.Release|Any CPU.ActiveCfg = Release|Any CPU
		{28850AE7-7C59-4167-AAB3-955163041567}.Release|Any CPU.Build.0 = Release|Any CPU
		{AF838907-6B7C-4E66-A50B-B024B99483AE}.Debug|Any CPU.ActiveCfg = Debug|Any CPU
		{AF838907-6B7C-4E66-A50B-B024B99483AE}.Debug|Any CPU.Build.0 = Debug|Any CPU
		{AF838907-6B7C-4E66-A50B-B024B99483AE}.Release|Any CPU.ActiveCfg = Release|Any CPU
		{AF838907-6B7C-4E66-A50B-B024B99483AE}.Release|Any CPU.Build.0 = Release|Any CPU
	EndGlobalSection
	GlobalSection(SolutionProperties) = preSolution
		HideSolutionNode = FALSE
	EndGlobalSection
	GlobalSection(NestedProjects) = preSolution
		{B83C0197-A39F-4586-B805-0910DD3ADD6B} = {2713F936-5028-42B1-9D89-ECE3CEBC6D7B}
		{8F4E9D39-3077-4CBE-81D5-4D00BCB23E00} = {2713F936-5028-42B1-9D89-ECE3CEBC6D7B}
		{2F880879-B052-4229-99D4-294A6D565E07} = {75E70B27-CE92-4951-8EED-0AAC810F7B6C}
		{3E1A166C-E1AF-48E8-BB8E-6F152872D142} = {75E70B27-CE92-4951-8EED-0AAC810F7B6C}
		{2713F936-5028-42B1-9D89-ECE3CEBC6D7B} = {1421C086-834E-4730-9368-83D0F838A8CA}
		{1421C086-834E-4730-9368-83D0F838A8CA} = {38929641-2582-46C0-8FDB-CE49B84C82A8}
		{53157D5F-233D-4DD7-BB13-4F993E64A704} = {75E70B27-CE92-4951-8EED-0AAC810F7B6C}
		{7FFBF725-CF24-4FC4-B86A-D26057434A21} = {2713F936-5028-42B1-9D89-ECE3CEBC6D7B}
		{9451C2B1-5DE4-4C8D-8D33-18752CFF3B47} = {75E70B27-CE92-4951-8EED-0AAC810F7B6C}
		{C2C7E58A-4C46-42CF-B996-0CCD0D91E389} = {38929641-2582-46C0-8FDB-CE49B84C82A8}
		{DA5D883D-49CB-417B-A113-80781BD0DEC3} = {C2C7E58A-4C46-42CF-B996-0CCD0D91E389}
		{40E59E32-E8FF-480B-A124-8B5DF292AA67} = {C2C7E58A-4C46-42CF-B996-0CCD0D91E389}
		{ADE3C2CA-0B43-448E-9DC3-7645D752C60A} = {2713F936-5028-42B1-9D89-ECE3CEBC6D7B}
		{74C87EF0-6B49-4219-BD32-BA8FE51B043A} = {1421C086-834E-4730-9368-83D0F838A8CA}
		{35D253C0-59AE-447E-9243-7F1BA6554871} = {2713F936-5028-42B1-9D89-ECE3CEBC6D7B}
		{76E6DC8D-48B1-4EC4-AAAE-A89869858A4A} = {75E70B27-CE92-4951-8EED-0AAC810F7B6C}
		{8700BE1C-A1E2-4B32-AAAF-6C67BF498D90} = {2713F936-5028-42B1-9D89-ECE3CEBC6D7B}
		{A9E5C44E-2F90-4FF8-8A73-A5EDE1745119} = {75E70B27-CE92-4951-8EED-0AAC810F7B6C}
		{75C881E7-489A-494C-804D-67672930B5F2} = {C2C7E58A-4C46-42CF-B996-0CCD0D91E389}
		{594924BD-CB54-43E6-9411-5DA90FBBBCDA} = {75E70B27-CE92-4951-8EED-0AAC810F7B6C}
		{15F28890-1CF1-4464-8502-EA118DA2B982} = {2713F936-5028-42B1-9D89-ECE3CEBC6D7B}
		{5E326962-CAD8-4475-AF9F-302BB1D9BCBE} = {75E70B27-CE92-4951-8EED-0AAC810F7B6C}
		{C686B72B-6D92-4D4F-81AC-1AD520821CB8} = {2713F936-5028-42B1-9D89-ECE3CEBC6D7B}
		{449BA328-447E-4B67-923E-6C79406A63D4} = {C2C7E58A-4C46-42CF-B996-0CCD0D91E389}
		{28850AE7-7C59-4167-AAB3-955163041567} = {D7F13848-CD9F-4378-A296-36CCC10811E7}
		{AF838907-6B7C-4E66-A50B-B024B99483AE} = {2713F936-5028-42B1-9D89-ECE3CEBC6D7B}
	EndGlobalSection
	GlobalSection(ExtensibilityGlobals) = postSolution
		SolutionGuid = {A90722CA-9D20-419A-AA57-5766105110BF}
	EndGlobalSection
EndGlobal
